
Microsoft Visual Studio Solution File, Format Version 12.00
# Visual Studio Version 16
VisualStudioVersion = 16.0.31624.102
MinimumVisualStudioVersion = 10.0.40219.1
Project("{FAE04EC0-301F-11D3-BF4B-00C04F79EFBC}") = "ExaminadorArchivos", "ExaminadorArchivos\ExaminadorArchivos.csproj", "{017574FE-C196-47AA-BE88-CD4AFDD423C8}"
EndProject
Global
	GlobalSection(SolutionConfigurationPlatforms) = preSolution
		Debug|Any CPU = Debug|Any CPU
		Release|Any CPU = Release|Any CPU
	EndGlobalSection
	GlobalSection(ProjectConfigurationPlatforms) = postSolution
		{017574FE-C196-47AA-BE88-CD4AFDD423C8}.Debug|Any CPU.ActiveCfg = Debug|Any CPU
		{017574FE-C196-47AA-BE88-CD4AFDD423C8}.Debug|Any CPU.Build.0 = Debug|Any CPU
		{017574FE-C196-47AA-BE88-CD4AFDD423C8}.Release|Any CPU.ActiveCfg = Release|Any CPU
		{017574FE-C196-47AA-BE88-CD4AFDD423C8}.Release|Any CPU.Build.0 = Release|Any CPU
	EndGlobalSection
	GlobalSection(SolutionProperties) = preSolution
		HideSolutionNode = FALSE
	EndGlobalSection
	GlobalSection(ExtensibilityGlobals) = postSolution
		SolutionGuid = {AD7245D6-44F9-466D-8F84-858C3704FAA1}
	EndGlobalSection
EndGlobal
